{
  "name": "assets",
  "lockfileVersion": 2,
  "requires": true,
  "packages": {
    "": {
      "license": "MIT",
      "dependencies": {
        "phoenix": "file:../deps/phoenix",
        "phoenix_html": "file:../deps/phoenix_html",
        "phoenix_live_view": "file:../deps/phoenix_live_view"
      }
    },
    "../deps/phoenix": {
      "version": "1.7.18",
      "integrity": "sha512-gslo1W8kJMXKux4cOiR+JAGkF5hE80hEZKoHtBEv27GCWVWDu8uh4bTODV0B2PRSO4L8P8SMbufRQRInur8E9Q==",
      "license": "MIT"
    },
    "../deps/phoenix_html": {
      "version": "4.1.0",
      "integrity": "sha512-zv7PIZk0MPkF0ax8n465Q6w86+sGAy5cTem6KcbkUbdgxGc0y3WZmzkM2bSlYdSGbLEZfjXxos1G72xXsha6xA=="
    },
    "../deps/phoenix_live_view": {
      "version": "0.20.17",
      "integrity": "sha512-aP1VpXmOx/fknNB99x87XXgjjtgcJdio7NNs/nxzovR/hoMab38i3XjrfEc34hbVrCJEk08z1LSqsZSSHH08KA==",
      "license": "MIT",
      "devDependencies": {
        "@playwright/test": "^1.43.1",
        "monocart-reporter": "^2.3.1"
      }
    },
    "node_modules/phoenix": {
      "resolved": "../deps/phoenix",
      "link": true
    },
    "node_modules/phoenix_html": {
      "resolved": "../deps/phoenix_html",
      "link": true
    },
    "node_modules/phoenix_live_view": {
      "resolved": "../deps/phoenix_live_view",
      "link": true
    }
  },
  "dependencies": {
    "phoenix": {
      "version": "file:../deps/phoenix"
    },
    "phoenix_html": {
      "version": "file:../deps/phoenix_html"
    },
    "phoenix_live_view": {
      "version": "file:../deps/phoenix_live_view",
      "requires": {
        "@playwright/test": "^1.43.1",
        "monocart-reporter": "^2.3.1"
      }
    }
  }
}
