{
  "name": "assets",
  "lockfileVersion": 2,
  "requires": true,
  "packages": {
    "": {
      "license": "MIT",
      "dependencies": {
        "phoenix": "file:../deps/phoenix",
        "phoenix_html": "file:../deps/phoenix_html",
        "phoenix_live_view": "file:../deps/phoenix_live_view"
      },
      "devDependencies": {
        "@cyclonedx/bom": "^4.0.3"
      }
    },
    "../deps/phoenix": {
      "version": "0.0.1",
      "integrity": "sha512-gslo1W8kJMXKux4cOiR+JAGkF5hE80hEZKoHtBEv27GCWVWDu8uh4bTODV0B2PRSO4L8P8SMbufRQRInur8E9Q=="
    },
    "../deps/phoenix_html": {
      "version": "0.0.1",
      "integrity": "sha512-zv7PIZk0MPkF0ax8n465Q6w86+sGAy5cTem6KcbkUbdgxGc0y3WZmzkM2bSlYdSGbLEZfjXxos1G72xXsha6xA=="
    },
    "../deps/phoenix_live_view": {
      "version": "0.0.1",
      "integrity": "sha512-aP1VpXmOx/fknNB99x87XXgjjtgcJdio7NNs/nxzovR/hoMab38i3XjrfEc34hbVrCJEk08z1LSqsZSSHH08KA=="
    },
    "node_modules/@cyclonedx/bom": {
      "version": "4.0.3",
      "resolved": "https://registry.npmjs.org/@cyclonedx/bom/-/bom-4.0.3.tgz",
      "integrity": "sha512-5NhbX5IBNDK9jrU5OcXsgnEp8D4zsZzI1PQyaarotEPIZtt9nlpUXNXI/alTzT2/8za0p4I3FGPssdFsVYVfDA==",
      "dev": true,
      "optionalDependencies": {
        "@cyclonedx/cyclonedx-npm": "*"
      }
    },
    "node_modules/@cyclonedx/cyclonedx-library": {
      "version": "1.9.2",
      "resolved": "https://registry.npmjs.org/@cyclonedx/cyclonedx-library/-/cyclonedx-library-1.9.2.tgz",
      "integrity": "sha512-tvyivpLdcCt6xMQK+kXkdLBZHLkLyQyw3gkavmGqPmIVkKVs0+wciJ6OnRdCOlUPq7J629XnOR6gZZvRbM262A==",
      "dev": true,
      "optional": true,
      "dependencies": {
        "packageurl-js": ">=0.0.6 <0.0.8 || ^1"
      },
      "engines": {
        "node": ">=14.0.0"
      },
      "optionalDependencies": {
        "xmlbuilder2": "^3.0.2"
      }
    },
    "node_modules/@cyclonedx/cyclonedx-npm": {
      "version": "1.7.2",
      "resolved": "https://registry.npmjs.org/@cyclonedx/cyclonedx-npm/-/cyclonedx-npm-1.7.2.tgz",
      "integrity": "sha512-QAVZModiBCNrkXcOUlVh2jlF1RilN63pAT3S97/VhBySruGFzH0lKRsxbDS83GvIehKW11lQgT51NPZ/osUmOQ==",
      "dev": true,
      "optional": true,
      "dependencies": {
        "@cyclonedx/cyclonedx-library": "^1.4.0",
        "commander": "^9.4.0",
        "xmlbuilder2": "^3.0.2"
      },
      "bin": {
        "cyclonedx-npm": "bin/cyclonedx-npm-cli.js"
      },
      "engines": {
        "node": ">=14",
        "npm": "6 - 9"
      }
    },
    "node_modules/@oozcitak/dom": {
      "version": "1.15.10",
      "resolved": "https://registry.npmjs.org/@oozcitak/dom/-/dom-1.15.10.tgz",
      "integrity": "sha512-0JT29/LaxVgRcGKvHmSrUTEvZ8BXvZhGl2LASRUgHqDTC1M5g1pLmVv56IYNyt3bG2CUjDkc67wnyZC14pbQrQ==",
      "dev": true,
      "optional": true,
      "dependencies": {
        "@oozcitak/infra": "1.0.8",
        "@oozcitak/url": "1.0.4",
        "@oozcitak/util": "8.3.8"
      },
      "engines": {
        "node": ">=8.0"
      }
    },
    "node_modules/@oozcitak/infra": {
      "version": "1.0.8",
      "resolved": "https://registry.npmjs.org/@oozcitak/infra/-/infra-1.0.8.tgz",
      "integrity": "sha512-JRAUc9VR6IGHOL7OGF+yrvs0LO8SlqGnPAMqyzOuFZPSZSXI7Xf2O9+awQPSMXgIWGtgUf/dA6Hs6X6ySEaWTg==",
      "dev": true,
      "optional": true,
      "dependencies": {
        "@oozcitak/util": "8.3.8"
      },
      "engines": {
        "node": ">=6.0"
      }
    },
    "node_modules/@oozcitak/url": {
      "version": "1.0.4",
      "resolved": "https://registry.npmjs.org/@oozcitak/url/-/url-1.0.4.tgz",
      "integrity": "sha512-kDcD8y+y3FCSOvnBI6HJgl00viO/nGbQoCINmQ0h98OhnGITrWR3bOGfwYCthgcrV8AnTJz8MzslTQbC3SOAmw==",
      "dev": true,
      "optional": true,
      "dependencies": {
        "@oozcitak/infra": "1.0.8",
        "@oozcitak/util": "8.3.8"
      },
      "engines": {
        "node": ">=8.0"
      }
    },
    "node_modules/@oozcitak/util": {
      "version": "8.3.8",
      "resolved": "https://registry.npmjs.org/@oozcitak/util/-/util-8.3.8.tgz",
      "integrity": "sha512-T8TbSnGsxo6TDBJx/Sgv/BlVJL3tshxZP7Aq5R1mSnM5OcHY2dQaxLMu2+E8u3gN0MLOzdjurqN4ZRVuzQycOQ==",
      "dev": true,
      "optional": true,
      "engines": {
        "node": ">=8.0"
      }
    },
    "node_modules/@types/node": {
      "version": "18.11.18",
      "resolved": "https://registry.npmjs.org/@types/node/-/node-18.11.18.tgz",
      "integrity": "sha512-DHQpWGjyQKSHj3ebjFI/wRKcqQcdR+MoFBygntYOZytCqNfkd2ZC4ARDJ2DQqhjH5p85Nnd3jhUJIXrszFX/JA==",
      "dev": true,
      "optional": true
    },
    "node_modules/argparse": {
      "version": "1.0.10",
      "resolved": "https://registry.npmjs.org/argparse/-/argparse-1.0.10.tgz",
      "integrity": "sha512-o5Roy6tNG4SL/FOkCAN6RzjiakZS25RLYFrcMttJqbdd8BWrnA+fGz57iN5Pb06pvBGvl5gQ0B48dJlslXvoTg==",
      "dev": true,
      "optional": true,
      "dependencies": {
        "sprintf-js": "~1.0.2"
      }
    },
    "node_modules/commander": {
      "version": "9.4.1",
      "resolved": "https://registry.npmjs.org/commander/-/commander-9.4.1.tgz",
      "integrity": "sha512-5EEkTNyHNGFPD2H+c/dXXfQZYa/scCKasxWcXJaWnNJ99pnQN9Vnmqow+p+PlFPE63Q6mThaZws1T+HxfpgtPw==",
      "dev": true,
      "optional": true,
      "engines": {
        "node": "^12.20.0 || >=14"
      }
    },
    "node_modules/esprima": {
      "version": "4.0.1",
      "resolved": "https://registry.npmjs.org/esprima/-/esprima-4.0.1.tgz",
      "integrity": "sha512-eGuFFw7Upda+g4p+QHvnW0RyTX/SVeJBDM/gCtMARO0cLuT2HcEKnTPvhjV6aGeqrCB/sbNop0Kszm0jsaWU4A==",
      "dev": true,
      "optional": true,
      "bin": {
        "esparse": "bin/esparse.js",
        "esvalidate": "bin/esvalidate.js"
      },
      "engines": {
        "node": ">=4"
      }
    },
    "node_modules/js-yaml": {
      "version": "3.14.0",
      "resolved": "https://registry.npmjs.org/js-yaml/-/js-yaml-3.14.0.tgz",
      "integrity": "sha512-/4IbIeHcD9VMHFqDR/gQ7EdZdLimOvW2DdcxFjdyyZ9NsbS+ccrXqVWDtab/lRl5AlUqmpBx8EhPaWR+OtY17A==",
      "dev": true,
      "optional": true,
      "dependencies": {
        "argparse": "^1.0.7",
        "esprima": "^4.0.0"
      },
      "bin": {
        "js-yaml": "bin/js-yaml.js"
      }
    },
    "node_modules/packageurl-js": {
      "version": "1.0.0",
      "resolved": "https://registry.npmjs.org/packageurl-js/-/packageurl-js-1.0.0.tgz",
      "integrity": "sha512-06kNFU+yB2pjDf5JyXouQeKfwSScGP8hrZK6VgB+W4SlVy4y5yB4vl+AVmh3R0GBNd+fBt0dEiSx3HKmuchuJQ==",
      "dev": true,
      "optional": true
    },
    "node_modules/phoenix": {
      "resolved": "../deps/phoenix",
      "link": true
    },
    "node_modules/phoenix_html": {
      "resolved": "../deps/phoenix_html",
      "link": true
    },
    "node_modules/phoenix_live_view": {
      "resolved": "../deps/phoenix_live_view",
      "link": true
    },
    "node_modules/sprintf-js": {
      "version": "1.0.3",
      "resolved": "https://registry.npmjs.org/sprintf-js/-/sprintf-js-1.0.3.tgz",
      "integrity": "sha512-D9cPgkvLlV3t3IzL0D0YLvGA9Ahk4PcvVwUbN0dSGr1aP0Nrt4AEnTUbuGvquEC0mA64Gqt1fzirlRs5ibXx8g==",
      "dev": true,
      "optional": true
    },
    "node_modules/xmlbuilder2": {
      "version": "3.0.2",
      "resolved": "https://registry.npmjs.org/xmlbuilder2/-/xmlbuilder2-3.0.2.tgz",
      "integrity": "sha512-h4MUawGY21CTdhV4xm3DG9dgsqyhDkZvVJBx88beqX8wJs3VgyGQgAn5VreHuae6unTQxh115aMK5InCVmOIKw==",
      "dev": true,
      "optional": true,
      "dependencies": {
        "@oozcitak/dom": "1.15.10",
        "@oozcitak/infra": "1.0.8",
        "@oozcitak/util": "8.3.8",
        "@types/node": "*",
        "js-yaml": "3.14.0"
      },
      "engines": {
        "node": ">=12.0"
      }
    }
  },
  "dependencies": {
    "@cyclonedx/bom": {
      "version": "4.0.3",
      "resolved": "https://registry.npmjs.org/@cyclonedx/bom/-/bom-4.0.3.tgz",
      "integrity": "sha512-5NhbX5IBNDK9jrU5OcXsgnEp8D4zsZzI1PQyaarotEPIZtt9nlpUXNXI/alTzT2/8za0p4I3FGPssdFsVYVfDA==",
      "dev": true,
      "requires": {
        "@cyclonedx/cyclonedx-npm": "*"
      }
    },
    "@cyclonedx/cyclonedx-library": {
      "version": "1.9.2",
      "resolved": "https://registry.npmjs.org/@cyclonedx/cyclonedx-library/-/cyclonedx-library-1.9.2.tgz",
      "integrity": "sha512-tvyivpLdcCt6xMQK+kXkdLBZHLkLyQyw3gkavmGqPmIVkKVs0+wciJ6OnRdCOlUPq7J629XnOR6gZZvRbM262A==",
      "dev": true,
      "optional": true,
      "requires": {
        "packageurl-js": ">=0.0.6 <0.0.8 || ^1",
        "xmlbuilder2": "^3.0.2"
      }
    },
    "@cyclonedx/cyclonedx-npm": {
      "version": "1.7.2",
      "resolved": "https://registry.npmjs.org/@cyclonedx/cyclonedx-npm/-/cyclonedx-npm-1.7.2.tgz",
      "integrity": "sha512-QAVZModiBCNrkXcOUlVh2jlF1RilN63pAT3S97/VhBySruGFzH0lKRsxbDS83GvIehKW11lQgT51NPZ/osUmOQ==",
      "dev": true,
      "optional": true,
      "requires": {
        "@cyclonedx/cyclonedx-library": "^1.4.0",
        "commander": "^9.4.0",
        "xmlbuilder2": "^3.0.2"
      }
    },
    "@oozcitak/dom": {
      "version": "1.15.10",
      "resolved": "https://registry.npmjs.org/@oozcitak/dom/-/dom-1.15.10.tgz",
      "integrity": "sha512-0JT29/LaxVgRcGKvHmSrUTEvZ8BXvZhGl2LASRUgHqDTC1M5g1pLmVv56IYNyt3bG2CUjDkc67wnyZC14pbQrQ==",
      "dev": true,
      "optional": true,
      "requires": {
        "@oozcitak/infra": "1.0.8",
        "@oozcitak/url": "1.0.4",
        "@oozcitak/util": "8.3.8"
      }
    },
    "@oozcitak/infra": {
      "version": "1.0.8",
      "resolved": "https://registry.npmjs.org/@oozcitak/infra/-/infra-1.0.8.tgz",
      "integrity": "sha512-JRAUc9VR6IGHOL7OGF+yrvs0LO8SlqGnPAMqyzOuFZPSZSXI7Xf2O9+awQPSMXgIWGtgUf/dA6Hs6X6ySEaWTg==",
      "dev": true,
      "optional": true,
      "requires": {
        "@oozcitak/util": "8.3.8"
      }
    },
    "@oozcitak/url": {
      "version": "1.0.4",
      "resolved": "https://registry.npmjs.org/@oozcitak/url/-/url-1.0.4.tgz",
      "integrity": "sha512-kDcD8y+y3FCSOvnBI6HJgl00viO/nGbQoCINmQ0h98OhnGITrWR3bOGfwYCthgcrV8AnTJz8MzslTQbC3SOAmw==",
      "dev": true,
      "optional": true,
      "requires": {
        "@oozcitak/infra": "1.0.8",
        "@oozcitak/util": "8.3.8"
      }
    },
    "@oozcitak/util": {
      "version": "8.3.8",
      "resolved": "https://registry.npmjs.org/@oozcitak/util/-/util-8.3.8.tgz",
      "integrity": "sha512-T8TbSnGsxo6TDBJx/Sgv/BlVJL3tshxZP7Aq5R1mSnM5OcHY2dQaxLMu2+E8u3gN0MLOzdjurqN4ZRVuzQycOQ==",
      "dev": true,
      "optional": true
    },
    "@types/node": {
      "version": "18.11.18",
      "resolved": "https://registry.npmjs.org/@types/node/-/node-18.11.18.tgz",
      "integrity": "sha512-DHQpWGjyQKSHj3ebjFI/wRKcqQcdR+MoFBygntYOZytCqNfkd2ZC4ARDJ2DQqhjH5p85Nnd3jhUJIXrszFX/JA==",
      "dev": true,
      "optional": true
    },
    "argparse": {
      "version": "1.0.10",
      "resolved": "https://registry.npmjs.org/argparse/-/argparse-1.0.10.tgz",
      "integrity": "sha512-o5Roy6tNG4SL/FOkCAN6RzjiakZS25RLYFrcMttJqbdd8BWrnA+fGz57iN5Pb06pvBGvl5gQ0B48dJlslXvoTg==",
      "dev": true,
      "optional": true,
      "requires": {
        "sprintf-js": "~1.0.2"
      }
    },
    "commander": {
      "version": "9.4.1",
      "resolved": "https://registry.npmjs.org/commander/-/commander-9.4.1.tgz",
      "integrity": "sha512-5EEkTNyHNGFPD2H+c/dXXfQZYa/scCKasxWcXJaWnNJ99pnQN9Vnmqow+p+PlFPE63Q6mThaZws1T+HxfpgtPw==",
      "dev": true,
      "optional": true
    },
    "esprima": {
      "version": "4.0.1",
      "resolved": "https://registry.npmjs.org/esprima/-/esprima-4.0.1.tgz",
      "integrity": "sha512-eGuFFw7Upda+g4p+QHvnW0RyTX/SVeJBDM/gCtMARO0cLuT2HcEKnTPvhjV6aGeqrCB/sbNop0Kszm0jsaWU4A==",
      "dev": true,
      "optional": true
    },
    "js-yaml": {
      "version": "3.14.0",
      "resolved": "https://registry.npmjs.org/js-yaml/-/js-yaml-3.14.0.tgz",
      "integrity": "sha512-/4IbIeHcD9VMHFqDR/gQ7EdZdLimOvW2DdcxFjdyyZ9NsbS+ccrXqVWDtab/lRl5AlUqmpBx8EhPaWR+OtY17A==",
      "dev": true,
      "optional": true,
      "requires": {
        "argparse": "^1.0.7",
        "esprima": "^4.0.0"
      }
    },
    "packageurl-js": {
      "version": "1.0.0",
      "resolved": "https://registry.npmjs.org/packageurl-js/-/packageurl-js-1.0.0.tgz",
      "integrity": "sha512-06kNFU+yB2pjDf5JyXouQeKfwSScGP8hrZK6VgB+W4SlVy4y5yB4vl+AVmh3R0GBNd+fBt0dEiSx3HKmuchuJQ==",
      "dev": true,
      "optional": true
    },
    "phoenix": {
      "version": "file:../deps/phoenix"
    },
    "phoenix_html": {
      "version": "file:../deps/phoenix_html"
    },
    "phoenix_live_view": {
      "version": "file:../deps/phoenix_live_view"
    },
    "sprintf-js": {
      "version": "1.0.3",
      "resolved": "https://registry.npmjs.org/sprintf-js/-/sprintf-js-1.0.3.tgz",
      "integrity": "sha512-D9cPgkvLlV3t3IzL0D0YLvGA9Ahk4PcvVwUbN0dSGr1aP0Nrt4AEnTUbuGvquEC0mA64Gqt1fzirlRs5ibXx8g==",
      "dev": true,
      "optional": true
    },
    "xmlbuilder2": {
      "version": "3.0.2",
      "resolved": "https://registry.npmjs.org/xmlbuilder2/-/xmlbuilder2-3.0.2.tgz",
      "integrity": "sha512-h4MUawGY21CTdhV4xm3DG9dgsqyhDkZvVJBx88beqX8wJs3VgyGQgAn5VreHuae6unTQxh115aMK5InCVmOIKw==",
      "dev": true,
      "optional": true,
      "requires": {
        "@oozcitak/dom": "1.15.10",
        "@oozcitak/infra": "1.0.8",
        "@oozcitak/util": "8.3.8",
        "@types/node": "*",
        "js-yaml": "3.14.0"
      }
    }
  }
}
